
Microsoft Visual Studio Solution File, Format Version 12.00
# Visual Studio Version 16
VisualStudioVersion = 16.0.30225.117
MinimumVisualStudioVersion = 10.0.40219.1
Project("{FAE04EC0-301F-11D3-BF4B-00C04F79EFBC}") = "DataBaseToolByLjj", "DataBaseToolByLjj.csproj", "{0571039F-B38D-4F22-A2F4-1CB9B95F308A}"
EndProject
Global
	GlobalSection(SolutionConfigurationPlatforms) = preSolution
		Debug|Any CPU = Debug|Any CPU
		Release|Any CPU = Release|Any CPU
	EndGlobalSection
	GlobalSection(ProjectConfigurationPlatforms) = postSolution
		{0571039F-B38D-4F22-A2F4-1CB9B95F308A}.Debug|Any CPU.ActiveCfg = Debug|Any CPU
		{0571039F-B38D-4F22-A2F4-1CB9B95F308A}.Debug|Any CPU.Build.0 = Debug|Any CPU
		{0571039F-B38D-4F22-A2F4-1CB9B95F308A}.Release|Any CPU.ActiveCfg = Release|Any CPU
		{0571039F-B38D-4F22-A2F4-1CB9B95F308A}.Release|Any CPU.Build.0 = Release|Any CPU
	EndGlobalSection
	GlobalSection(SolutionProperties) = preSolution
		HideSolutionNode = FALSE
	EndGlobalSection
	GlobalSection(ExtensibilityGlobals) = postSolution
		SolutionGuid = {3B0D93A7-AB82-4964-91C5-318CC0A7767B}
	EndGlobalSection
EndGlobal
